
Microsoft Visual Studio Solution File, Format Version 12.00
# Visual Studio 15
VisualStudioVersion = 15.0.26228.4
MinimumVisualStudioVersion = 10.0.40219.1
Project("{FAE04EC0-301F-11D3-BF4B-00C04F79EFBC}") = "A_TL", "A-TL\A_TL\A_TL.csproj", "{D88DCB95-E3C3-4841-907D-065B41982BC9}"
EndProject
Project("{FAE04EC0-301F-11D3-BF4B-00C04F79EFBC}") = "A_TL.Droid", "A_TL\A_TL.Droid\A_TL.Droid.csproj", "{C303C637-2991-4022-A3F3-D91ED68B0DD0}"
EndProject
Project("{FAE04EC0-301F-11D3-BF4B-00C04F79EFBC}") = "A_TL.iOS", "A_TL\A_TL.iOS\A_TL.iOS.csproj", "{BC07D8AC-C30B-45C4-A75A-32822FD73BD5}"
EndProject
Project("{FAE04EC0-301F-11D3-BF4B-00C04F79EFBC}") = "A_TL.UWP", "A_TL\A_TL.UWP\A_TL.UWP.csproj", "{57C39F72-DED2-44FE-8DD1-2C455246E340}"
EndProject
Global
	GlobalSection(SolutionConfigurationPlatforms) = preSolution
		Ad-Hoc|Any CPU = Ad-Hoc|Any CPU
		Ad-Hoc|ARM = Ad-Hoc|ARM
		Ad-Hoc|iPhone = Ad-Hoc|iPhone
		Ad-Hoc|iPhoneSimulator = Ad-Hoc|iPhoneSimulator
		Ad-Hoc|x64 = Ad-Hoc|x64
		Ad-Hoc|x86 = Ad-Hoc|x86
		AppStore|Any CPU = AppStore|Any CPU
		AppStore|ARM = AppStore|ARM
		AppStore|iPhone = AppStore|iPhone
		AppStore|iPhoneSimulator = AppStore|iPhoneSimulator
		AppStore|x64 = AppStore|x64
		AppStore|x86 = AppStore|x86
		Debug|Any CPU = Debug|Any CPU
		Debug|ARM = Debug|ARM
		Debug|iPhone = Debug|iPhone
		Debug|iPhoneSimulator = Debug|iPhoneSimulator
		Debug|x64 = Debug|x64
		Debug|x86 = Debug|x86
		Release|Any CPU = Release|Any CPU
		Release|ARM = Release|ARM
		Release|iPhone = Release|iPhone
		Release|iPhoneSimulator = Release|iPhoneSimulator
		Release|x64 = Release|x64
		Release|x86 = Release|x86
	EndGlobalSection
	GlobalSection(ProjectConfigurationPlatforms) = postSolution
		{D88DCB95-E3C3-4841-907D-065B41982BC9}.Ad-Hoc|Any CPU.ActiveCfg = Release|Any CPU
		{D88DCB95-E3C3-4841-907D-065B41982BC9}.Ad-Hoc|Any CPU.Build.0 = Release|Any CPU
		{D88DCB95-E3C3-4841-907D-065B41982BC9}.Ad-Hoc|ARM.ActiveCfg = Release|Any CPU
		{D88DCB95-E3C3-4841-907D-065B41982BC9}.Ad-Hoc|ARM.Build.0 = Release|Any CPU
		{D88DCB95-E3C3-4841-907D-065B41982BC9}.Ad-Hoc|iPhone.ActiveCfg = Release|Any CPU
		{D88DCB95-E3C3-4841-907D-065B41982BC9}.Ad-Hoc|iPhone.Build.0 = Release|Any CPU
		{D88DCB95-E3C3-4841-907D-065B41982BC9}.Ad-Hoc|iPhoneSimulator.ActiveCfg = Release|Any CPU
		{D88DCB95-E3C3-4841-907D-065B41982BC9}.Ad-Hoc|iPhoneSimulator.Build.0 = Release|Any CPU
		{D88DCB95-E3C3-4841-907D-065B41982BC9}.Ad-Hoc|x64.ActiveCfg = Release|Any CPU
		{D88DCB95-E3C3-4841-907D-065B41982BC9}.Ad-Hoc|x64.Build.0 = Release|Any CPU
		{D88DCB95-E3C3-4841-907D-065B41982BC9}.Ad-Hoc|x86.ActiveCfg = Release|Any CPU
		{D88DCB95-E3C3-4841-907D-065B41982BC9}.Ad-Hoc|x86.Build.0 = Release|Any CPU
		{D88DCB95-E3C3-4841-907D-065B41982BC9}.AppStore|Any CPU.ActiveCfg = Release|Any CPU
		{D88DCB95-E3C3-4841-907D-065B41982BC9}.AppStore|Any CPU.Build.0 = Release|Any CPU
		{D88DCB95-E3C3-4841-907D-065B41982BC9}.AppStore|ARM.ActiveCfg = Release|Any CPU
		{D88DCB95-E3C3-4841-907D-065B41982BC9}.AppStore|ARM.Build.0 = Release|Any CPU
		{D88DCB95-E3C3-4841-907D-065B41982BC9}.AppStore|iPhone.ActiveCfg = Release|Any CPU
		{D88DCB95-E3C3-4841-907D-065B41982BC9}.AppStore|iPhone.Build.0 = Release|Any CPU
		{D88DCB95-E3C3-4841-907D-065B41982BC9}.AppStore|iPhoneSimulator.ActiveCfg = Release|Any CPU
		{D88DCB95-E3C3-4841-907D-065B41982BC9}.AppStore|iPhoneSimulator.Build.0 = Release|Any CPU
		{D88DCB95-E3C3-4841-907D-065B41982BC9}.AppStore|x64.ActiveCfg = Release|Any CPU
		{D88DCB95-E3C3-4841-907D-065B41982BC9}.AppStore|x64.Build.0 = Release|Any CPU
		{D88DCB95-E3C3-4841-907D-065B41982BC9}.AppStore|x86.ActiveCfg = Release|Any CPU
		{D88DCB95-E3C3-4841-907D-065B41982BC9}.AppStore|x86.Build.0 = Release|Any CPU
		{D88DCB95-E3C3-4841-907D-065B41982BC9}.Debug|Any CPU.ActiveCfg = Debug|Any CPU
		{D88DCB95-E3C3-4841-907D-065B41982BC9}.Debug|Any CPU.Build.0 = Debug|Any CPU
		{D88DCB95-E3C3-4841-907D-065B41982BC9}.Debug|ARM.ActiveCfg = Debug|Any CPU
		{D88DCB95-E3C3-4841-907D-065B41982BC9}.Debug|ARM.Build.0 = Debug|Any CPU
		{D88DCB95-E3C3-4841-907D-065B41982BC9}.Debug|iPhone.ActiveCfg = Debug|Any CPU
		{D88DCB95-E3C3-4841-907D-065B41982BC9}.Debug|iPhone.Build.0 = Debug|Any CPU
		{D88DCB95-E3C3-4841-907D-065B41982BC9}.Debug|iPhoneSimulator.ActiveCfg = Debug|Any CPU
		{D88DCB95-E3C3-4841-907D-065B41982BC9}.Debug|iPhoneSimulator.Build.0 = Debug|Any CPU
		{D88DCB95-E3C3-4841-907D-065B41982BC9}.Debug|x64.ActiveCfg = Debug|Any CPU
		{D88DCB95-E3C3-4841-907D-065B41982BC9}.Debug|x64.Build.0 = Debug|Any CPU
		{D88DCB95-E3C3-4841-907D-065B41982BC9}.Debug|x86.ActiveCfg = Debug|Any CPU
		{D88DCB95-E3C3-4841-907D-065B41982BC9}.Debug|x86.Build.0 = Debug|Any CPU
		{D88DCB95-E3C3-4841-907D-065B41982BC9}.Release|Any CPU.ActiveCfg = Release|Any CPU
		{D88DCB95-E3C3-4841-907D-065B41982BC9}.Release|Any CPU.Build.0 = Release|Any CPU
		{D88DCB95-E3C3-4841-907D-065B41982BC9}.Release|ARM.ActiveCfg = Release|Any CPU
		{D88DCB95-E3C3-4841-907D-065B41982BC9}.Release|ARM.Build.0 = Release|Any CPU
		{D88DCB95-E3C3-4841-907D-065B41982BC9}.Release|iPhone.ActiveCfg = Release|Any CPU
		{D88DCB95-E3C3-4841-907D-065B41982BC9}.Release|iPhone.Build.0 = Release|Any CPU
		{D88DCB95-E3C3-4841-907D-065B41982BC9}.Release|iPhoneSimulator.ActiveCfg = Release|Any CPU
		{D88DCB95-E3C3-4841-907D-065B41982BC9}.Release|iPhoneSimulator.Build.0 = Release|Any CPU
		{D88DCB95-E3C3-4841-907D-065B41982BC9}.Release|x64.ActiveCfg = Release|Any CPU
		{D88DCB95-E3C3-4841-907D-065B41982BC9}.Release|x64.Build.0 = Release|Any CPU
		{D88DCB95-E3C3-4841-907D-065B41982BC9}.Release|x86.ActiveCfg = Release|Any CPU
		{D88DCB95-E3C3-4841-907D-065B41982BC9}.Release|x86.Build.0 = Release|Any CPU
		{C303C637-2991-4022-A3F3-D91ED68B0DD0}.Ad-Hoc|Any CPU.ActiveCfg = Release|Any CPU
		{C303C637-2991-4022-A3F3-D91ED68B0DD0}.Ad-Hoc|Any CPU.Build.0 = Release|Any CPU
		{C303C637-2991-4022-A3F3-D91ED68B0DD0}.Ad-Hoc|Any CPU.Deploy.0 = Release|Any CPU
		{C303C637-2991-4022-A3F3-D91ED68B0DD0}.Ad-Hoc|ARM.ActiveCfg = Release|Any CPU
		{C303C637-2991-4022-A3F3-D91ED68B0DD0}.Ad-Hoc|ARM.Build.0 = Release|Any CPU
		{C303C637-2991-4022-A3F3-D91ED68B0DD0}.Ad-Hoc|ARM.Deploy.0 = Release|Any CPU
		{C303C637-2991-4022-A3F3-D91ED68B0DD0}.Ad-Hoc|iPhone.ActiveCfg = Release|Any CPU
		{C303C637-2991-4022-A3F3-D91ED68B0DD0}.Ad-Hoc|iPhone.Build.0 = Release|Any CPU
		{C303C637-2991-4022-A3F3-D91ED68B0DD0}.Ad-Hoc|iPhone.Deploy.0 = Release|Any CPU
		{C303C637-2991-4022-A3F3-D91ED68B0DD0}.Ad-Hoc|iPhoneSimulator.ActiveCfg = Release|Any CPU
		{C303C637-2991-4022-A3F3-D91ED68B0DD0}.Ad-Hoc|iPhoneSimulator.Build.0 = Release|Any CPU
		{C303C637-2991-4022-A3F3-D91ED68B0DD0}.Ad-Hoc|iPhoneSimulator.Deploy.0 = Release|Any CPU
		{C303C637-2991-4022-A3F3-D91ED68B0DD0}.Ad-Hoc|x64.ActiveCfg = Release|Any CPU
		{C303C637-2991-4022-A3F3-D91ED68B0DD0}.Ad-Hoc|x64.Build.0 = Release|Any CPU
		{C303C637-2991-4022-A3F3-D91ED68B0DD0}.Ad-Hoc|x64.Deploy.0 = Release|Any CPU
		{C303C637-2991-4022-A3F3-D91ED68B0DD0}.Ad-Hoc|x86.ActiveCfg = Release|Any CPU
		{C303C637-2991-4022-A3F3-D91ED68B0DD0}.Ad-Hoc|x86.Build.0 = Release|Any CPU
		{C303C637-2991-4022-A3F3-D91ED68B0DD0}.Ad-Hoc|x86.Deploy.0 = Release|Any CPU
		{C303C637-2991-4022-A3F3-D91ED68B0DD0}.AppStore|Any CPU.ActiveCfg = Release|Any CPU
		{C303C637-2991-4022-A3F3-D91ED68B0DD0}.AppStore|Any CPU.Build.0 = Release|Any CPU
		{C303C637-2991-4022-A3F3-D91ED68B0DD0}.AppStore|Any CPU.Deploy.0 = Release|Any CPU
		{C303C637-2991-4022-A3F3-D91ED68B0DD0}.AppStore|ARM.ActiveCfg = Release|Any CPU
		{C303C637-2991-4022-A3F3-D91ED68B0DD0}.AppStore|ARM.Build.0 = Release|Any CPU
		{C303C637-2991-4022-A3F3-D91ED68B0DD0}.AppStore|ARM.Deploy.0 = Release|Any CPU
		{C303C637-2991-4022-A3F3-D91ED68B0DD0}.AppStore|iPhone.ActiveCfg = Release|Any CPU
		{C303C637-2991-4022-A3F3-D91ED68B0DD0}.AppStore|iPhone.Build.0 = Release|Any CPU
		{C303C637-2991-4022-A3F3-D91ED68B0DD0}.AppStore|iPhone.Deploy.0 = Release|Any CPU
		{C303C637-2991-4022-A3F3-D91ED68B0DD0}.AppStore|iPhoneSimulator.ActiveCfg = Release|Any CPU
		{C303C637-2991-4022-A3F3-D91ED68B0DD0}.AppStore|iPhoneSimulator.Build.0 = Release|Any CPU
		{C303C637-2991-4022-A3F3-D91ED68B0DD0}.AppStore|iPhoneSimulator.Deploy.0 = Release|Any CPU
		{C303C637-2991-4022-A3F3-D91ED68B0DD0}.AppStore|x64.ActiveCfg = Release|Any CPU
		{C303C637-2991-4022-A3F3-D91ED68B0DD0}.AppStore|x64.Build.0 = Release|Any CPU
		{C303C637-2991-4022-A3F3-D91ED68B0DD0}.AppStore|x64.Deploy.0 = Release|Any CPU
		{C303C637-2991-4022-A3F3-D91ED68B0DD0}.AppStore|x86.ActiveCfg = Release|Any CPU
		{C303C637-2991-4022-A3F3-D91ED68B0DD0}.AppStore|x86.Build.0 = Release|Any CPU
		{C303C637-2991-4022-A3F3-D91ED68B0DD0}.AppStore|x86.Deploy.0 = Release|Any CPU
		{C303C637-2991-4022-A3F3-D91ED68B0DD0}.Debug|Any CPU.ActiveCfg = Debug|Any CPU
		{C303C637-2991-4022-A3F3-D91ED68B0DD0}.Debug|Any CPU.Build.0 = Debug|Any CPU
		{C303C637-2991-4022-A3F3-D91ED68B0DD0}.Debug|Any CPU.Deploy.0 = Debug|Any CPU
		{C303C637-2991-4022-A3F3-D91ED68B0DD0}.Debug|ARM.ActiveCfg = Debug|Any CPU
		{C303C637-2991-4022-A3F3-D91ED68B0DD0}.Debug|ARM.Build.0 = Debug|Any CPU
		{C303C637-2991-4022-A3F3-D91ED68B0DD0}.Debug|ARM.Deploy.0 = Debug|Any CPU
		{C303C637-2991-4022-A3F3-D91ED68B0DD0}.Debug|iPhone.ActiveCfg = Debug|Any CPU
		{C303C637-2991-4022-A3F3-D91ED68B0DD0}.Debug|iPhone.Build.0 = Debug|Any CPU
		{C303C637-2991-4022-A3F3-D91ED68B0DD0}.Debug|iPhone.Deploy.0 = Debug|Any CPU
		{C303C637-2991-4022-A3F3-D91ED68B0DD0}.Debug|iPhoneSimulator.ActiveCfg = Debug|Any CPU
		{C303C637-2991-4022-A3F3-D91ED68B0DD0}.Debug|iPhoneSimulator.Build.0 = Debug|Any CPU
		{C303C637-2991-4022-A3F3-D91ED68B0DD0}.Debug|iPhoneSimulator.Deploy.0 = Debug|Any CPU
		{C303C637-2991-4022-A3F3-D91ED68B0DD0}.Debug|x64.ActiveCfg = Debug|Any CPU
		{C303C637-2991-4022-A3F3-D91ED68B0DD0}.Debug|x64.Build.0 = Debug|Any CPU
		{C303C637-2991-4022-A3F3-D91ED68B0DD0}.Debug|x64.Deploy.0 = Debug|Any CPU
		{C303C637-2991-4022-A3F3-D91ED68B0DD0}.Debug|x86.ActiveCfg = Debug|Any CPU
		{C303C637-2991-4022-A3F3-D91ED68B0DD0}.Debug|x86.Build.0 = Debug|Any CPU
		{C303C637-2991-4022-A3F3-D91ED68B0DD0}.Debug|x86.Deploy.0 = Debug|Any CPU
		{C303C637-2991-4022-A3F3-D91ED68B0DD0}.Release|Any CPU.ActiveCfg = Release|Any CPU
		{C303C637-2991-4022-A3F3-D91ED68B0DD0}.Release|Any CPU.Build.0 = Release|Any CPU
		{C303C637-2991-4022-A3F3-D91ED68B0DD0}.Release|Any CPU.Deploy.0 = Release|Any CPU
		{C303C637-2991-4022-A3F3-D91ED68B0DD0}.Release|ARM.ActiveCfg = Release|Any CPU
		{C303C637-2991-4022-A3F3-D91ED68B0DD0}.Release|ARM.Build.0 = Release|Any CPU
		{C303C637-2991-4022-A3F3-D91ED68B0DD0}.Release|ARM.Deploy.0 = Release|Any CPU
		{C303C637-2991-4022-A3F3-D91ED68B0DD0}.Release|iPhone.ActiveCfg = Release|Any CPU
		{C303C637-2991-4022-A3F3-D91ED68B0DD0}.Release|iPhone.Build.0 = Release|Any CPU
		{C303C637-2991-4022-A3F3-D91ED68B0DD0}.Release|iPhone.Deploy.0 = Release|Any CPU
		{C303C637-2991-4022-A3F3-D91ED68B0DD0}.Release|iPhoneSimulator.ActiveCfg = Release|Any CPU
		{C303C637-2991-4022-A3F3-D91ED68B0DD0}.Release|iPhoneSimulator.Build.0 = Release|Any CPU
		{C303C637-2991-4022-A3F3-D91ED68B0DD0}.Release|iPhoneSimulator.Deploy.0 = Release|Any CPU
		{C303C637-2991-4022-A3F3-D91ED68B0DD0}.Release|x64.ActiveCfg = Release|Any CPU
		{C303C637-2991-4022-A3F3-D91ED68B0DD0}.Release|x64.Build.0 = Release|Any CPU
		{C303C637-2991-4022-A3F3-D91ED68B0DD0}.Release|x64.Deploy.0 = Release|Any CPU
		{C303C637-2991-4022-A3F3-D91ED68B0DD0}.Release|x86.ActiveCfg = Release|Any CPU
		{C303C637-2991-4022-A3F3-D91ED68B0DD0}.Release|x86.Build.0 = Release|Any CPU
		{C303C637-2991-4022-A3F3-D91ED68B0DD0}.Release|x86.Deploy.0 = Release|Any CPU
		{BC07D8AC-C30B-45C4-A75A-32822FD73BD5}.Ad-Hoc|Any CPU.ActiveCfg = Ad-Hoc|iPhone
		{BC07D8AC-C30B-45C4-A75A-32822FD73BD5}.Ad-Hoc|ARM.ActiveCfg = Ad-Hoc|iPhone
		{BC07D8AC-C30B-45C4-A75A-32822FD73BD5}.Ad-Hoc|iPhone.ActiveCfg = Ad-Hoc|iPhone
		{BC07D8AC-C30B-45C4-A75A-32822FD73BD5}.Ad-Hoc|iPhone.Build.0 = Ad-Hoc|iPhone
		{BC07D8AC-C30B-45C4-A75A-32822FD73BD5}.Ad-Hoc|iPhoneSimulator.ActiveCfg = Ad-Hoc|iPhoneSimulator
		{BC07D8AC-C30B-45C4-A75A-32822FD73BD5}.Ad-Hoc|iPhoneSimulator.Build.0 = Ad-Hoc|iPhoneSimulator
		{BC07D8AC-C30B-45C4-A75A-32822FD73BD5}.Ad-Hoc|x64.ActiveCfg = Ad-Hoc|iPhone
		{BC07D8AC-C30B-45C4-A75A-32822FD73BD5}.Ad-Hoc|x86.ActiveCfg = Ad-Hoc|iPhone
		{BC07D8AC-C30B-45C4-A75A-32822FD73BD5}.AppStore|Any CPU.ActiveCfg = AppStore|iPhone
		{BC07D8AC-C30B-45C4-A75A-32822FD73BD5}.AppStore|ARM.ActiveCfg = AppStore|iPhone
		{BC07D8AC-C30B-45C4-A75A-32822FD73BD5}.AppStore|iPhone.ActiveCfg = AppStore|iPhone
		{BC07D8AC-C30B-45C4-A75A-32822FD73BD5}.AppStore|iPhone.Build.0 = AppStore|iPhone
		{BC07D8AC-C30B-45C4-A75A-32822FD73BD5}.AppStore|iPhoneSimulator.ActiveCfg = AppStore|iPhoneSimulator
		{BC07D8AC-C30B-45C4-A75A-32822FD73BD5}.AppStore|iPhoneSimulator.Build.0 = AppStore|iPhoneSimulator
		{BC07D8AC-C30B-45C4-A75A-32822FD73BD5}.AppStore|x64.ActiveCfg = AppStore|iPhone
		{BC07D8AC-C30B-45C4-A75A-32822FD73BD5}.AppStore|x86.ActiveCfg = AppStore|iPhone
		{BC07D8AC-C30B-45C4-A75A-32822FD73BD5}.Debug|Any CPU.ActiveCfg = Debug|iPhone
		{BC07D8AC-C30B-45C4-A75A-32822FD73BD5}.Debug|ARM.ActiveCfg = Debug|iPhone
		{BC07D8AC-C30B-45C4-A75A-32822FD73BD5}.Debug|iPhone.ActiveCfg = Debug|iPhone
		{BC07D8AC-C30B-45C4-A75A-32822FD73BD5}.Debug|iPhone.Build.0 = Debug|iPhone
		{BC07D8AC-C30B-45C4-A75A-32822FD73BD5}.Debug|iPhoneSimulator.ActiveCfg = Debug|iPhoneSimulator
		{BC07D8AC-C30B-45C4-A75A-32822FD73BD5}.Debug|iPhoneSimulator.Build.0 = Debug|iPhoneSimulator
		{BC07D8AC-C30B-45C4-A75A-32822FD73BD5}.Debug|x64.ActiveCfg = Debug|iPhone
		{BC07D8AC-C30B-45C4-A75A-32822FD73BD5}.Debug|x86.ActiveCfg = Debug|iPhone
		{BC07D8AC-C30B-45C4-A75A-32822FD73BD5}.Release|Any CPU.ActiveCfg = Release|iPhone
		{BC07D8AC-C30B-45C4-A75A-32822FD73BD5}.Release|ARM.ActiveCfg = Release|iPhone
		{BC07D8AC-C30B-45C4-A75A-32822FD73BD5}.Release|iPhone.ActiveCfg = Release|iPhone
		{BC07D8AC-C30B-45C4-A75A-32822FD73BD5}.Release|iPhone.Build.0 = Release|iPhone
		{BC07D8AC-C30B-45C4-A75A-32822FD73BD5}.Release|iPhoneSimulator.ActiveCfg = Release|iPhoneSimulator
		{BC07D8AC-C30B-45C4-A75A-32822FD73BD5}.Release|iPhoneSimulator.Build.0 = Release|iPhoneSimulator
		{BC07D8AC-C30B-45C4-A75A-32822FD73BD5}.Release|x64.ActiveCfg = Release|iPhone
		{BC07D8AC-C30B-45C4-A75A-32822FD73BD5}.Release|x86.ActiveCfg = Release|iPhone
		{57C39F72-DED2-44FE-8DD1-2C455246E340}.Ad-Hoc|Any CPU.ActiveCfg = Release|x86
		{57C39F72-DED2-44FE-8DD1-2C455246E340}.Ad-Hoc|Any CPU.Build.0 = Release|x86
		{57C39F72-DED2-44FE-8DD1-2C455246E340}.Ad-Hoc|Any CPU.Deploy.0 = Release|x86
		{57C39F72-DED2-44FE-8DD1-2C455246E340}.Ad-Hoc|ARM.ActiveCfg = Release|ARM
		{57C39F72-DED2-44FE-8DD1-2C455246E340}.Ad-Hoc|ARM.Build.0 = Release|ARM
		{57C39F72-DED2-44FE-8DD1-2C455246E340}.Ad-Hoc|ARM.Deploy.0 = Release|ARM
		{57C39F72-DED2-44FE-8DD1-2C455246E340}.Ad-Hoc|iPhone.ActiveCfg = Release|x86
		{57C39F72-DED2-44FE-8DD1-2C455246E340}.Ad-Hoc|iPhone.Build.0 = Release|x86
		{57C39F72-DED2-44FE-8DD1-2C455246E340}.Ad-Hoc|iPhone.Deploy.0 = Release|x86
		{57C39F72-DED2-44FE-8DD1-2C455246E340}.Ad-Hoc|iPhoneSimulator.ActiveCfg = Release|x86
		{57C39F72-DED2-44FE-8DD1-2C455246E340}.Ad-Hoc|iPhoneSimulator.Build.0 = Release|x86
		{57C39F72-DED2-44FE-8DD1-2C455246E340}.Ad-Hoc|iPhoneSimulator.Deploy.0 = Release|x86
		{57C39F72-DED2-44FE-8DD1-2C455246E340}.Ad-Hoc|x64.ActiveCfg = Release|x64
		{57C39F72-DED2-44FE-8DD1-2C455246E340}.Ad-Hoc|x64.Build.0 = Release|x64
		{57C39F72-DED2-44FE-8DD1-2C455246E340}.Ad-Hoc|x64.Deploy.0 = Release|x64
		{57C39F72-DED2-44FE-8DD1-2C455246E340}.Ad-Hoc|x86.ActiveCfg = Release|x86
		{57C39F72-DED2-44FE-8DD1-2C455246E340}.Ad-Hoc|x86.Build.0 = Release|x86
		{57C39F72-DED2-44FE-8DD1-2C455246E340}.Ad-Hoc|x86.Deploy.0 = Release|x86
		{57C39F72-DED2-44FE-8DD1-2C455246E340}.AppStore|Any CPU.ActiveCfg = Release|x86
		{57C39F72-DED2-44FE-8DD1-2C455246E340}.AppStore|Any CPU.Build.0 = Release|x86
		{57C39F72-DED2-44FE-8DD1-2C455246E340}.AppStore|Any CPU.Deploy.0 = Release|x86
		{57C39F72-DED2-44FE-8DD1-2C455246E340}.AppStore|ARM.ActiveCfg = Release|ARM
		{57C39F72-DED2-44FE-8DD1-2C455246E340}.AppStore|ARM.Build.0 = Release|ARM
		{57C39F72-DED2-44FE-8DD1-2C455246E340}.AppStore|ARM.Deploy.0 = Release|ARM
		{57C39F72-DED2-44FE-8DD1-2C455246E340}.AppStore|iPhone.ActiveCfg = Release|x86
		{57C39F72-DED2-44FE-8DD1-2C455246E340}.AppStore|iPhone.Build.0 = Release|x86
		{57C39F72-DED2-44FE-8DD1-2C455246E340}.AppStore|iPhone.Deploy.0 = Release|x86
		{57C39F72-DED2-44FE-8DD1-2C455246E340}.AppStore|iPhoneSimulator.ActiveCfg = Release|x86
		{57C39F72-DED2-44FE-8DD1-2C455246E340}.AppStore|iPhoneSimulator.Build.0 = Release|x86
		{57C39F72-DED2-44FE-8DD1-2C455246E340}.AppStore|iPhoneSimulator.Deploy.0 = Release|x86
		{57C39F72-DED2-44FE-8DD1-2C455246E340}.AppStore|x64.ActiveCfg = Release|x64
		{57C39F72-DED2-44FE-8DD1-2C455246E340}.AppStore|x64.Build.0 = Release|x64
		{57C39F72-DED2-44FE-8DD1-2C455246E340}.AppStore|x64.Deploy.0 = Release|x64
		{57C39F72-DED2-44FE-8DD1-2C455246E340}.AppStore|x86.ActiveCfg = Release|x86
		{57C39F72-DED2-44FE-8DD1-2C455246E340}.AppStore|x86.Build.0 = Release|x86
		{57C39F72-DED2-44FE-8DD1-2C455246E340}.AppStore|x86.Deploy.0 = Release|x86
		{57C39F72-DED2-44FE-8DD1-2C455246E340}.Debug|Any CPU.ActiveCfg = Debug|x86
		{57C39F72-DED2-44FE-8DD1-2C455246E340}.Debug|ARM.ActiveCfg = Debug|ARM
		{57C39F72-DED2-44FE-8DD1-2C455246E340}.Debug|ARM.Build.0 = Debug|ARM
		{57C39F72-DED2-44FE-8DD1-2C455246E340}.Debug|ARM.Deploy.0 = Debug|ARM
		{57C39F72-DED2-44FE-8DD1-2C455246E340}.Debug|iPhone.ActiveCfg = Debug|x86
		{57C39F72-DED2-44FE-8DD1-2C455246E340}.Debug|iPhoneSimulator.ActiveCfg = Debug|x86
		{57C39F72-DED2-44FE-8DD1-2C455246E340}.Debug|x64.ActiveCfg = Debug|x64
		{57C39F72-DED2-44FE-8DD1-2C455246E340}.Debug|x64.Build.0 = Debug|x64
		{57C39F72-DED2-44FE-8DD1-2C455246E340}.Debug|x64.Deploy.0 = Debug|x64
		{57C39F72-DED2-44FE-8DD1-2C455246E340}.Debug|x86.ActiveCfg = Debug|x86
		{57C39F72-DED2-44FE-8DD1-2C455246E340}.Debug|x86.Build.0 = Debug|x86
		{57C39F72-DED2-44FE-8DD1-2C455246E340}.Debug|x86.Deploy.0 = Debug|x86
		{57C39F72-DED2-44FE-8DD1-2C455246E340}.Release|Any CPU.ActiveCfg = Release|x86
		{57C39F72-DED2-44FE-8DD1-2C455246E340}.Release|ARM.ActiveCfg = Release|ARM
		{57C39F72-DED2-44FE-8DD1-2C455246E340}.Release|ARM.Build.0 = Release|ARM
		{57C39F72-DED2-44FE-8DD1-2C455246E340}.Release|ARM.Deploy.0 = Release|ARM
		{57C39F72-DED2-44FE-8DD1-2C455246E340}.Release|iPhone.ActiveCfg = Release|x86
		{57C39F72-DED2-44FE-8DD1-2C455246E340}.Release|iPhoneSimulator.ActiveCfg = Release|x86
		{57C39F72-DED2-44FE-8DD1-2C455246E340}.Release|x64.ActiveCfg = Release|x64
		{57C39F72-DED2-44FE-8DD1-2C455246E340}.Release|x64.Build.0 = Release|x64
		{57C39F72-DED2-44FE-8DD1-2C455246E340}.Release|x64.Deploy.0 = Release|x64
		{57C39F72-DED2-44FE-8DD1-2C455246E340}.Release|x86.ActiveCfg = Release|x86
		{57C39F72-DED2-44FE-8DD1-2C455246E340}.Release|x86.Build.0 = Release|x86
		{57C39F72-DED2-44FE-8DD1-2C455246E340}.Release|x86.Deploy.0 = Release|x86
	EndGlobalSection
	GlobalSection(SolutionProperties) = preSolution
		HideSolutionNode = FALSE
	EndGlobalSection
EndGlobal
