
Microsoft Visual Studio Solution File, Format Version 12.00
# Visual Studio 14
VisualStudioVersion = 14.0.25420.1
MinimumVisualStudioVersion = 10.0.40219.1
Project("{FAE04EC0-301F-11D3-BF4B-00C04F79EFBC}") = "A_TL", "A-TL\A_TL\A_TL.csproj", "{98D95521-85FF-4A57-B9B7-EF6302996779}"
EndProject
Project("{FAE04EC0-301F-11D3-BF4B-00C04F79EFBC}") = "A_TL.Droid", "A_TL\A_TL.Droid\A_TL.Droid.csproj", "{4028E4E2-7724-4CC3-99D6-84E4335659D1}"
EndProject
Global
	GlobalSection(SolutionConfigurationPlatforms) = preSolution
		Debug|Any CPU = Debug|Any CPU
		Release|Any CPU = Release|Any CPU
	EndGlobalSection
	GlobalSection(ProjectConfigurationPlatforms) = postSolution
		{98D95521-85FF-4A57-B9B7-EF6302996779}.Debug|Any CPU.ActiveCfg = Debug|Any CPU
		{98D95521-85FF-4A57-B9B7-EF6302996779}.Debug|Any CPU.Build.0 = Debug|Any CPU
		{98D95521-85FF-4A57-B9B7-EF6302996779}.Release|Any CPU.ActiveCfg = Release|Any CPU
		{98D95521-85FF-4A57-B9B7-EF6302996779}.Release|Any CPU.Build.0 = Release|Any CPU
		{4028E4E2-7724-4CC3-99D6-84E4335659D1}.Debug|Any CPU.ActiveCfg = Debug|Any CPU
		{4028E4E2-7724-4CC3-99D6-84E4335659D1}.Debug|Any CPU.Build.0 = Debug|Any CPU
		{4028E4E2-7724-4CC3-99D6-84E4335659D1}.Debug|Any CPU.Deploy.0 = Debug|Any CPU
		{4028E4E2-7724-4CC3-99D6-84E4335659D1}.Release|Any CPU.ActiveCfg = Release|Any CPU
		{4028E4E2-7724-4CC3-99D6-84E4335659D1}.Release|Any CPU.Build.0 = Release|Any CPU
		{4028E4E2-7724-4CC3-99D6-84E4335659D1}.Release|Any CPU.Deploy.0 = Release|Any CPU
	EndGlobalSection
	GlobalSection(SolutionProperties) = preSolution
		HideSolutionNode = FALSE
	EndGlobalSection
EndGlobal
